
Microsoft Visual Studio Solution File, Format Version 12.00
# Visual Studio Version 17
VisualStudioVersion = 17.3.32825.248
MinimumVisualStudioVersion = 10.0.40219.1
Project("{9A19103F-16F7-4668-BE54-9A1E7A4F7556}") = "NetCore.Web", "NetCore.Web\NetCore.Web.csproj", "{43852069-48D9-49C7-8FF7-49FDD5081CC1}"
EndProject
Project("{FAE04EC0-301F-11D3-BF4B-00C04F79EFBC}") = "NetCore.Services", "NetCore.Services\NetCore.Services.csproj", "{0694509A-B422-41DC-9843-E20882C9B40F}"
EndProject
Project("{FAE04EC0-301F-11D3-BF4B-00C04F79EFBC}") = "NetCore.Data", "NetCore.Data\NetCore.Data.csproj", "{93E8317B-1B62-4A89-98BD-B242690AD114}"
EndProject
Global
	GlobalSection(SolutionConfigurationPlatforms) = preSolution
		Debug|Any CPU = Debug|Any CPU
		Release|Any CPU = Release|Any CPU
	EndGlobalSection
	GlobalSection(ProjectConfigurationPlatforms) = postSolution
		{43852069-48D9-49C7-8FF7-49FDD5081CC1}.Debug|Any CPU.ActiveCfg = Debug|Any CPU
		{43852069-48D9-49C7-8FF7-49FDD5081CC1}.Debug|Any CPU.Build.0 = Debug|Any CPU
		{43852069-48D9-49C7-8FF7-49FDD5081CC1}.Release|Any CPU.ActiveCfg = Release|Any CPU
		{43852069-48D9-49C7-8FF7-49FDD5081CC1}.Release|Any CPU.Build.0 = Release|Any CPU
		{0694509A-B422-41DC-9843-E20882C9B40F}.Debug|Any CPU.ActiveCfg = Debug|Any CPU
		{0694509A-B422-41DC-9843-E20882C9B40F}.Debug|Any CPU.Build.0 = Debug|Any CPU
		{0694509A-B422-41DC-9843-E20882C9B40F}.Release|Any CPU.ActiveCfg = Release|Any CPU
		{0694509A-B422-41DC-9843-E20882C9B40F}.Release|Any CPU.Build.0 = Release|Any CPU
		{93E8317B-1B62-4A89-98BD-B242690AD114}.Debug|Any CPU.ActiveCfg = Debug|Any CPU
		{93E8317B-1B62-4A89-98BD-B242690AD114}.Debug|Any CPU.Build.0 = Debug|Any CPU
		{93E8317B-1B62-4A89-98BD-B242690AD114}.Release|Any CPU.ActiveCfg = Release|Any CPU
		{93E8317B-1B62-4A89-98BD-B242690AD114}.Release|Any CPU.Build.0 = Release|Any CPU
	EndGlobalSection
	GlobalSection(SolutionProperties) = preSolution
		HideSolutionNode = FALSE
	EndGlobalSection
	GlobalSection(ExtensibilityGlobals) = postSolution
		SolutionGuid = {C0E18B03-2343-4682-9E92-A7C215CDCFFB}
	EndGlobalSection
EndGlobal
